lockfileVersion: 5.4

specifiers:
  types-for-adobe: ^7.0.6
  typescript: ^4.8.4

devDependencies:
  types-for-adobe: 7.0.6
  typescript: 4.8.4

packages:

  /types-for-adobe/7.0.6:
    resolution: {integrity: sha512-HhqTLj5TkI8HCm7NncG23H7VKrmvWhX2Gh0KpY2keISi1eJ+JYX715Jyi1ovmgPXPLBOS7i7ZlkgP4zvBOTo8Q==}
    dev: true

  /typescript/4.8.4:
    resolution: {integrity: sha512-QCh+85mCy+h0IGff8r5XWzOVSbBO+KfeYrMQh7NJ58QujwcE22u+NUSmUxqF+un70P9GXKxa2HCNiTTMJknyjQ==}
    engines: {node: '>=4.2.0'}
    hasBin: true
    dev: true
